// !$*UTF8*$!
{
	archiveVersion = 1;
	classes = {
	};
	objectVersion = 50;
	objects = {

/* Begin PBXBuildFile section */
		2F0CAB7925A1DBF6009417AB /* AppDelegate.swift in Sources */ = {isa = PBXBuildFile; fileRef = 2F0CAB7825A1DBF6009417AB /* AppDelegate.swift */; };
		2F0CAB7B25A1DBF6009417AB /* SceneDelegate.swift in Sources */ = {isa = PBXBuildFile; fileRef = 2F0CAB7A25A1DBF6009417AB /* SceneDelegate.swift */; };
		2F0CAB7D25A1DBF6009417AB /* ViewController.swift in Sources */ = {isa = PBXBuildFile; fileRef = 2F0CAB7C25A1DBF6009417AB /* ViewController.swift */; };
		2F0CAB8025A1DBF6009417AB /* Main.storyboard in Resources */ = {isa = PBXBuildFile; fileRef = 2F0CAB7E25A1DBF6009417AB /* Main.storyboard */; };
		2F0CAB8225A1DBFC009417AB /* Assets.xcassets in Resources */ = {isa = PBXBuildFile; fileRef = 2F0CAB8125A1DBFC009417AB /* Assets.xcassets */; };
		2F0CAB8525A1DBFC009417AB /* LaunchScreen.storyboard in Resources */ = {isa = PBXBuildFile; fileRef = 2F0CAB8325A1DBFC009417AB /* LaunchScreen.storyboard */; };
		2F0CAB9025A61732009417AB /* BaseLevelSceneConfigurator.swift in Sources */ = {isa = PBXBuildFile; fileRef = 2F0CAB8F25A61732009417AB /* BaseLevelSceneConfigurator.swift */; };
		2F0CAB9425A61746009417AB /* BaseLevelSceneInteractor.swift in Sources */ = {isa = PBXBuildFile; fileRef = 2F0CAB9325A61746009417AB /* BaseLevelSceneInteractor.swift */; };
		2F0CAB9725A61751009417AB /* BaseLevelSceneRouter.swift in Sources */ = {isa = PBXBuildFile; fileRef = 2F0CAB9625A61751009417AB /* BaseLevelSceneRouter.swift */; };
		2F0CAB9A25A61768009417AB /* BaseLevelSceneViewController.swift in Sources */ = {isa = PBXBuildFile; fileRef = 2F0CAB9925A61768009417AB /* BaseLevelSceneViewController.swift */; };
		2F0CAB9D25A61B59009417AB /* BaseLevelSceneViewControllerProtocol.swift in Sources */ = {isa = PBXBuildFile; fileRef = 2F0CAB9C25A61B59009417AB /* BaseLevelSceneViewControllerProtocol.swift */; };
		2F0CABA325A63F1C009417AB /* Snake.swift in Sources */ = {isa = PBXBuildFile; fileRef = 2F0CABA225A63F1C009417AB /* Snake.swift */; };
		2F0CABA725A64285009417AB /* Food.swift in Sources */ = {isa = PBXBuildFile; fileRef = 2F0CABA625A64285009417AB /* Food.swift */; };
		2F0CABAB25A64392009417AB /* SnakeTimer.swift in Sources */ = {isa = PBXBuildFile; fileRef = 2F0CABAA25A64392009417AB /* SnakeTimer.swift */; };
/* End PBXBuildFile section */

/* Begin PBXFileReference section */
		2F0CAB7525A1DBF6009417AB /* SnakeGame.app */ = {isa = PBXFileReference; explicitFileType = wrapper.application; includeInIndex = 0; path = SnakeGame.app; sourceTree = BUILT_PRODUCTS_DIR; };
		2F0CAB7825A1DBF6009417AB /* AppDelegate.swift */ = {isa = PBXFileReference; lastKnownFileType = sourcecode.swift; path = AppDelegate.swift; sourceTree = "<group>"; };
		2F0CAB7A25A1DBF6009417AB /* SceneDelegate.swift */ = {isa = PBXFileReference; lastKnownFileType = sourcecode.swift; path = SceneDelegate.swift; sourceTree = "<group>"; };
		2F0CAB7C25A1DBF6009417AB /* ViewController.swift */ = {isa = PBXFileReference; lastKnownFileType = sourcecode.swift; path = ViewController.swift; sourceTree = "<group>"; };
		2F0CAB7F25A1DBF6009417AB /* Base */ = {isa = PBXFileReference; lastKnownFileType = file.storyboard; name = Base; path = Base.lproj/Main.storyboard; sourceTree = "<group>"; };
		2F0CAB8125A1DBFC009417AB /* Assets.xcassets */ = {isa = PBXFileReference; lastKnownFileType = folder.assetcatalog; path = Assets.xcassets; sourceTree = "<group>"; };
		2F0CAB8425A1DBFC009417AB /* Base */ = {isa = PBXFileReference; lastKnownFileType = file.storyboard; name = Base; path = Base.lproj/LaunchScreen.storyboard; sourceTree = "<group>"; };
		2F0CAB8625A1DBFC009417AB /* Info.plist */ = {isa = PBXFileReference; lastKnownFileType = text.plist.xml; path = Info.plist; sourceTree = "<group>"; };
		2F0CAB8F25A61732009417AB /* BaseLevelSceneConfigurator.swift */ = {isa = PBXFileReference; lastKnownFileType = sourcecode.swift; path = BaseLevelSceneConfigurator.swift; sourceTree = "<group>"; };
		2F0CAB9325A61746009417AB /* BaseLevelSceneInteractor.swift */ = {isa = PBXFileReference; lastKnownFileType = sourcecode.swift; path = BaseLevelSceneInteractor.swift; sourceTree = "<group>"; };
		2F0CAB9625A61751009417AB /* BaseLevelSceneRouter.swift */ = {isa = PBXFileReference; lastKnownFileType = sourcecode.swift; path = BaseLevelSceneRouter.swift; sourceTree = "<group>"; };
		2F0CAB9925A61768009417AB /* BaseLevelSceneViewController.swift */ = {isa = PBXFileReference; lastKnownFileType = sourcecode.swift; path = BaseLevelSceneViewController.swift; sourceTree = "<group>"; };
		2F0CAB9C25A61B59009417AB /* BaseLevelSceneViewControllerProtocol.swift */ = {isa = PBXFileReference; lastKnownFileType = sourcecode.swift; path = BaseLevelSceneViewControllerProtocol.swift; sourceTree = "<group>"; };
		2F0CABA225A63F1C009417AB /* Snake.swift */ = {isa = PBXFileReference; lastKnownFileType = sourcecode.swift; path = Snake.swift; sourceTree = "<group>"; };
		2F0CABA625A64285009417AB /* Food.swift */ = {isa = PBXFileReference; lastKnownFileType = sourcecode.swift; path = Food.swift; sourceTree = "<group>"; };
		2F0CABAA25A64392009417AB /* SnakeTimer.swift */ = {isa = PBXFileReference; lastKnownFileType = sourcecode.swift; path = SnakeTimer.swift; sourceTree = "<group>"; };
/* End PBXFileReference section */

/* Begin PBXFrameworksBuildPhase section */
		2F0CAB7225A1DBF6009417AB /* Frameworks */ = {
			isa = PBXFrameworksBuildPhase;
			buildActionMask = 2147483647;
			files = (
			);
			runOnlyForDeploymentPostprocessing = 0;
		};
/* End PBXFrameworksBuildPhase section */

/* Begin PBXGroup section */
		2F0CAB6C25A1DBF6009417AB = {
			isa = PBXGroup;
			children = (
				2F0CAB7725A1DBF6009417AB /* SnakeGame */,
				2F0CAB7625A1DBF6009417AB /* Products */,
			);
			sourceTree = "<group>";
		};
		2F0CAB7625A1DBF6009417AB /* Products */ = {
			isa = PBXGroup;
			children = (
				2F0CAB7525A1DBF6009417AB /* SnakeGame.app */,
			);
			name = Products;
			sourceTree = "<group>";
		};
		2F0CAB7725A1DBF6009417AB /* SnakeGame */ = {
			isa = PBXGroup;
			children = (
				2F0CABA925A64376009417AB /* Timer */,
				2F0CABA525A6426A009417AB /* Characters */,
				2F0CABA125A63EFA009417AB /* Snake */,
				2F0CAB7825A1DBF6009417AB /* AppDelegate.swift */,
				2F0CAB7A25A1DBF6009417AB /* SceneDelegate.swift */,
				2F0CAB7C25A1DBF6009417AB /* ViewController.swift */,
				2F0CAB8E25A616F8009417AB /* BaseLevelScene */,
				2F0CAB7E25A1DBF6009417AB /* Main.storyboard */,
				2F0CAB8125A1DBFC009417AB /* Assets.xcassets */,
				2F0CAB8325A1DBFC009417AB /* LaunchScreen.storyboard */,
				2F0CAB8625A1DBFC009417AB /* Info.plist */,
			);
			path = SnakeGame;
			sourceTree = "<group>";
		};
		2F0CAB8E25A616F8009417AB /* BaseLevelScene */ = {
			isa = PBXGroup;
			children = (
				2F0CAB8F25A61732009417AB /* BaseLevelSceneConfigurator.swift */,
				2F0CAB9325A61746009417AB /* BaseLevelSceneInteractor.swift */,
				2F0CAB9625A61751009417AB /* BaseLevelSceneRouter.swift */,
				2F0CAB9925A61768009417AB /* BaseLevelSceneViewController.swift */,
				2F0CAB9C25A61B59009417AB /* BaseLevelSceneViewControllerProtocol.swift */,
			);
			path = BaseLevelScene;
			sourceTree = "<group>";
		};
		2F0CABA125A63EFA009417AB /* Snake */ = {
			isa = PBXGroup;
			children = (
				2F0CABA225A63F1C009417AB /* Snake.swift */,
			);
			path = Snake;
			sourceTree = "<group>";
		};
		2F0CABA525A6426A009417AB /* Characters */ = {
			isa = PBXGroup;
			children = (
				2F0CABA625A64285009417AB /* Food.swift */,
			);
			path = Characters;
			sourceTree = "<group>";
		};
		2F0CABA925A64376009417AB /* Timer */ = {
			isa = PBXGroup;
			children = (
				2F0CABAA25A64392009417AB /* SnakeTimer.swift */,
			);
			path = Timer;
			sourceTree = "<group>";
		};
/* End PBXGroup section */

/* Begin PBXNativeTarget section */
		2F0CAB7425A1DBF6009417AB /* SnakeGame */ = {
			isa = PBXNativeTarget;
			buildConfigurationList = 2F0CAB8925A1DBFC009417AB /* Build configuration list for PBXNativeTarget "SnakeGame" */;
			buildPhases = (
				2F0CAB7125A1DBF6009417AB /* Sources */,
				2F0CAB7225A1DBF6009417AB /* Frameworks */,
				2F0CAB7325A1DBF6009417AB /* Resources */,
			);
			buildRules = (
			);
			dependencies = (
			);
			name = SnakeGame;
			productName = SnakeGame;
			productReference = 2F0CAB7525A1DBF6009417AB /* SnakeGame.app */;
			productType = "com.apple.product-type.application";
		};
/* End PBXNativeTarget section */

/* Begin PBXProject section */
		2F0CAB6D25A1DBF6009417AB /* Project object */ = {
			isa = PBXProject;
			attributes = {
				LastSwiftUpdateCheck = 1220;
				LastUpgradeCheck = 1220;
				TargetAttributes = {
					2F0CAB7425A1DBF6009417AB = {
						CreatedOnToolsVersion = 12.2;
					};
				};
			};
			buildConfigurationList = 2F0CAB7025A1DBF6009417AB /* Build configuration list for PBXProject "SnakeGame" */;
			compatibilityVersion = "Xcode 9.3";
			developmentRegion = en;
			hasScannedForEncodings = 0;
			knownRegions = (
				en,
				Base,
			);
			mainGroup = 2F0CAB6C25A1DBF6009417AB;
			productRefGroup = 2F0CAB7625A1DBF6009417AB /* Products */;
			projectDirPath = "";
			projectRoot = "";
			targets = (
				2F0CAB7425A1DBF6009417AB /* SnakeGame */,
			);
		};
/* End PBXProject section */

/* Begin PBXResourcesBuildPhase section */
		2F0CAB7325A1DBF6009417AB /* Resources */ = {
			isa = PBXResourcesBuildPhase;
			buildActionMask = 2147483647;
			files = (
				2F0CAB8525A1DBFC009417AB /* LaunchScreen.storyboard in Resources */,
				2F0CAB8225A1DBFC009417AB /* Assets.xcassets in Resources */,
				2F0CAB8025A1DBF6009417AB /* Main.storyboard in Resources */,
			);
			runOnlyForDeploymentPostprocessing = 0;
		};
/* End PBXResourcesBuildPhase section */

/* Begin PBXSourcesBuildPhase section */
		2F0CAB7125A1DBF6009417AB /* Sources */ = {
			isa = PBXSourcesBuildPhase;
			buildActionMask = 2147483647;
			files = (
				2F0CAB7D25A1DBF6009417AB /* ViewController.swift in Sources */,
				2F0CAB9725A61751009417AB /* BaseLevelSceneRouter.swift in Sources */,
				2F0CAB7925A1DBF6009417AB /* AppDelegate.swift in Sources */,
				2F0CAB9025A61732009417AB /* BaseLevelSceneConfigurator.swift in Sources */,
				2F0CAB7B25A1DBF6009417AB /* SceneDelegate.swift in Sources */,
				2F0CAB9425A61746009417AB /* BaseLevelSceneInteractor.swift in Sources */,
				2F0CABAB25A64392009417AB /* SnakeTimer.swift in Sources */,
				2F0CAB9A25A61768009417AB /* BaseLevelSceneViewController.swift in Sources */,
				2F0CABA725A64285009417AB /* Food.swift in Sources */,
				2F0CAB9D25A61B59009417AB /* BaseLevelSceneViewControllerProtocol.swift in Sources */,
				2F0CABA325A63F1C009417AB /* Snake.swift in Sources */,
			);
			runOnlyForDeploymentPostprocessing = 0;
		};
/* End PBXSourcesBuildPhase section */

/* Begin PBXVariantGroup section */
		2F0CAB7E25A1DBF6009417AB /* Main.storyboard */ = {
			isa = PBXVariantGroup;
			children = (
				2F0CAB7F25A1DBF6009417AB /* Base */,
			);
			name = Main.storyboard;
			sourceTree = "<group>";
		};
		2F0CAB8325A1DBFC009417AB /* LaunchScreen.storyboard */ = {
			isa = PBXVariantGroup;
			children = (
				2F0CAB8425A1DBFC009417AB /* Base */,
			);
			name = LaunchScreen.storyboard;
			sourceTree = "<group>";
		};
/* End PBXVariantGroup section */

/* Begin XCBuildConfiguration section */
		2F0CAB8725A1DBFC009417AB /* Debug */ = {
			isa = XCBuildConfiguration;
			buildSettings = {
				ALWAYS_SEARCH_USER_PATHS = NO;
				CLANG_ANALYZER_NONNULL = YES;
				CLANG_ANALYZER_NUMBER_OBJECT_CONVERSION = YES_AGGRESSIVE;
				CLANG_CXX_LANGUAGE_STANDARD = "gnu++14";
				CLANG_CXX_LIBRARY = "libc++";
				CLANG_ENABLE_MODULES = YES;
				CLANG_ENABLE_OBJC_ARC = YES;
				CLANG_ENABLE_OBJC_WEAK = YES;
				CLANG_WARN_BLOCK_CAPTURE_AUTORELEASING = YES;
				CLANG_WARN_BOOL_CONVERSION = YES;
				CLANG_WARN_COMMA = YES;
				CLANG_WARN_CONSTANT_CONVERSION = YES;
				CLANG_WARN_DEPRECATED_OBJC_IMPLEMENTATIONS = YES;
				CLANG_WARN_DIRECT_OBJC_ISA_USAGE = YES_ERROR;
				CLANG_WARN_DOCUMENTATION_COMMENTS = YES;
				CLANG_WARN_EMPTY_BODY = YES;
				CLANG_WARN_ENUM_CONVERSION = YES;
				CLANG_WARN_INFINITE_RECURSION = YES;
				CLANG_WARN_INT_CONVERSION = YES;
				CLANG_WARN_NON_LITERAL_NULL_CONVERSION = YES;
				CLANG_WARN_OBJC_IMPLICIT_RETAIN_SELF = YES;
				CLANG_WARN_OBJC_LITERAL_CONVERSION = YES;
				CLANG_WARN_OBJC_ROOT_CLASS = YES_ERROR;
				CLANG_WARN_QUOTED_INCLUDE_IN_FRAMEWORK_HEADER = YES;
				CLANG_WARN_RANGE_LOOP_ANALYSIS = YES;
				CLANG_WARN_STRICT_PROTOTYPES = YES;
				CLANG_WARN_SUSPICIOUS_MOVE = YES;
				CLANG_WARN_UNGUARDED_AVAILABILITY = YES_AGGRESSIVE;
				CLANG_WARN_UNREACHABLE_CODE = YES;
				CLANG_WARN__DUPLICATE_METHOD_MATCH = YES;
				COPY_PHASE_STRIP = NO;
				DEBUG_INFORMATION_FORMAT = dwarf;
				ENABLE_STRICT_OBJC_MSGSEND = YES;
				ENABLE_TESTABILITY = YES;
				GCC_C_LANGUAGE_STANDARD = gnu11;
				GCC_DYNAMIC_NO_PIC = NO;
				GCC_NO_COMMON_BLOCKS = YES;
				GCC_OPTIMIZATION_LEVEL = 0;
				GCC_PREPROCESSOR_DEFINITIONS = (
					"DEBUG=1",
					"$(inherited)",
				);
				GCC_WARN_64_TO_32_BIT_CONVERSION = YES;
				GCC_WARN_ABOUT_RETURN_TYPE = YES_ERROR;
				GCC_WARN_UNDECLARED_SELECTOR = YES;
				GCC_WARN_UNINITIALIZED_AUTOS = YES_AGGRESSIVE;
				GCC_WARN_UNUSED_FUNCTION = YES;
				GCC_WARN_UNUSED_VARIABLE = YES;
				IPHONEOS_DEPLOYMENT_TARGET = 14.2;
				MTL_ENABLE_DEBUG_INFO = INCLUDE_SOURCE;
				MTL_FAST_MATH = YES;
				ONLY_ACTIVE_ARCH = YES;
				SDKROOT = iphoneos;
				SWIFT_ACTIVE_COMPILATION_CONDITIONS = DEBUG;
				SWIFT_OPTIMIZATION_LEVEL = "-Onone";
			};
			name = Debug;
		};
		2F0CAB8825A1DBFC009417AB /* Release */ = {
			isa = XCBuildConfiguration;
			buildSettings = {
				ALWAYS_SEARCH_USER_PATHS = NO;
				CLANG_ANALYZER_NONNULL = YES;
				CLANG_ANALYZER_NUMBER_OBJECT_CONVERSION = YES_AGGRESSIVE;
				CLANG_CXX_LANGUAGE_STANDARD = "gnu++14";
				CLANG_CXX_LIBRARY = "libc++";
				CLANG_ENABLE_MODULES = YES;
				CLANG_ENABLE_OBJC_ARC = YES;
				CLANG_ENABLE_OBJC_WEAK = YES;
				CLANG_WARN_BLOCK_CAPTURE_AUTORELEASING = YES;
				CLANG_WARN_BOOL_CONVERSION = YES;
				CLANG_WARN_COMMA = YES;
				CLANG_WARN_CONSTANT_CONVERSION = YES;
				CLANG_WARN_DEPRECATED_OBJC_IMPLEMENTATIONS = YES;
				CLANG_WARN_DIRECT_OBJC_ISA_USAGE = YES_ERROR;
				CLANG_WARN_DOCUMENTATION_COMMENTS = YES;
				CLANG_WARN_EMPTY_BODY = YES;
				CLANG_WARN_ENUM_CONVERSION = YES;
				CLANG_WARN_INFINITE_RECURSION = YES;
				CLANG_WARN_INT_CONVERSION = YES;
				CLANG_WARN_NON_LITERAL_NULL_CONVERSION = YES;
				CLANG_WARN_OBJC_IMPLICIT_RETAIN_SELF = YES;
				CLANG_WARN_OBJC_LITERAL_CONVERSION = YES;
				CLANG_WARN_OBJC_ROOT_CLASS = YES_ERROR;
				CLANG_WARN_QUOTED_INCLUDE_IN_FRAMEWORK_HEADER = YES;
				CLANG_WARN_RANGE_LOOP_ANALYSIS = YES;
				CLANG_WARN_STRICT_PROTOTYPES = YES;
				CLANG_WARN_SUSPICIOUS_MOVE = YES;
				CLANG_WARN_UNGUARDED_AVAILABILITY = YES_AGGRESSIVE;
				CLANG_WARN_UNREACHABLE_CODE = YES;
				CLANG_WARN__DUPLICATE_METHOD_MATCH = YES;
				COPY_PHASE_STRIP = NO;
				DEBUG_INFORMATION_FORMAT = "dwarf-with-dsym";
				ENABLE_NS_ASSERTIONS = NO;
				ENABLE_STRICT_OBJC_MSGSEND = YES;
				GCC_C_LANGUAGE_STANDARD = gnu11;
				GCC_NO_COMMON_BLOCKS = YES;
				GCC_WARN_64_TO_32_BIT_CONVERSION = YES;
				GCC_WARN_ABOUT_RETURN_TYPE = YES_ERROR;
				GCC_WARN_UNDECLARED_SELECTOR = YES;
				GCC_WARN_UNINITIALIZED_AUTOS = YES_AGGRESSIVE;
				GCC_WARN_UNUSED_FUNCTION = YES;
				GCC_WARN_UNUSED_VARIABLE = YES;
				IPHONEOS_DEPLOYMENT_TARGET = 14.2;
				MTL_ENABLE_DEBUG_INFO = NO;
				MTL_FAST_MATH = YES;
				SDKROOT = iphoneos;
				SWIFT_COMPILATION_MODE = wholemodule;
				SWIFT_OPTIMIZATION_LEVEL = "-O";
				VALIDATE_PRODUCT = YES;
			};
			name = Release;
		};
		2F0CAB8A25A1DBFC009417AB /* Debug */ = {
			isa = XCBuildConfiguration;
			buildSettings = {
				ASSETCATALOG_COMPILER_APPICON_NAME = AppIcon;
				ASSETCATALOG_COMPILER_GLOBAL_ACCENT_COLOR_NAME = AccentColor;
				CODE_SIGN_STYLE = Automatic;
				INFOPLIST_FILE = SnakeGame/Info.plist;
				LD_RUNPATH_SEARCH_PATHS = (
					"$(inherited)",
					"@executable_path/Frameworks",
				);
				PRODUCT_BUNDLE_IDENTIFIER = DD.SnakeGame;
				PRODUCT_NAME = "$(TARGET_NAME)";
				SWIFT_VERSION = 5.0;
				TARGETED_DEVICE_FAMILY = "1,2";
			};
			name = Debug;
		};
		2F0CAB8B25A1DBFC009417AB /* Release */ = {
			isa = XCBuildConfiguration;
			buildSettings = {
				ASSETCATALOG_COMPILER_APPICON_NAME = AppIcon;
				ASSETCATALOG_COMPILER_GLOBAL_ACCENT_COLOR_NAME = AccentColor;
				CODE_SIGN_STYLE = Automatic;
				INFOPLIST_FILE = SnakeGame/Info.plist;
				LD_RUNPATH_SEARCH_PATHS = (
					"$(inherited)",
					"@executable_path/Frameworks",
				);
				PRODUCT_BUNDLE_IDENTIFIER = DD.SnakeGame;
				PRODUCT_NAME = "$(TARGET_NAME)";
				SWIFT_VERSION = 5.0;
				TARGETED_DEVICE_FAMILY = "1,2";
			};
			name = Release;
		};
/* End XCBuildConfiguration section */

/* Begin XCConfigurationList section */
		2F0CAB7025A1DBF6009417AB /* Build configuration list for PBXProject "SnakeGame" */ = {
			isa = XCConfigurationList;
			buildConfigurations = (
				2F0CAB8725A1DBFC009417AB /* Debug */,
				2F0CAB8825A1DBFC009417AB /* Release */,
			);
			defaultConfigurationIsVisible = 0;
			defaultConfigurationName = Release;
		};
		2F0CAB8925A1DBFC009417AB /* Build configuration list for PBXNativeTarget "SnakeGame" */ = {
			isa = XCConfigurationList;
			buildConfigurations = (
				2F0CAB8A25A1DBFC009417AB /* Debug */,
				2F0CAB8B25A1DBFC009417AB /* Release */,
			);
			defaultConfigurationIsVisible = 0;
			defaultConfigurationName = Release;
		};
/* End XCConfigurationList section */
	};
	rootObject = 2F0CAB6D25A1DBF6009417AB /* Project object */;
}
